
Microsoft Visual Studio Solution File, Format Version 12.00
# Visual Studio Version 17
VisualStudioVersion = 17.14.36221.1 d17.14
MinimumVisualStudioVersion = 10.0.40219.1
Project("{FAE04EC0-301F-11D3-BF4B-00C04F79EFBC}") = "HoldingERP.Entities", "HoldingERP.Entities\HoldingERP.Entities.csproj", "{DB8F894C-C5A1-4BA4-8210-2642BEF95AE5}"
EndProject
Project("{FAE04EC0-301F-11D3-BF4B-00C04F79EFBC}") = "HoldingERP.DataAccess", "HoldingERP.DataAccess\HoldingERP.DataAccess.csproj", "{1894658A-D5D9-4AF5-91F1-7EFE0684E80D}"
EndProject
Project("{FAE04EC0-301F-11D3-BF4B-00C04F79EFBC}") = "HoldingERP.Business", "HoldingERP.Business\HoldingERP.Business.csproj", "{69C43B72-CB6B-4A2D-B66B-C1EE4BBD5A23}"
EndProject
Project("{FAE04EC0-301F-11D3-BF4B-00C04F79EFBC}") = "HoldingERP.WebUI", "HoldingERP.WebUI\HoldingERP.WebUI.csproj", "{72978EAB-42BC-4710-AD01-CCA7D8310153}"
EndProject
Global
	GlobalSection(SolutionConfigurationPlatforms) = preSolution
		Debug|Any CPU = Debug|Any CPU
		Release|Any CPU = Release|Any CPU
	EndGlobalSection
	GlobalSection(ProjectConfigurationPlatforms) = postSolution
		{DB8F894C-C5A1-4BA4-8210-2642BEF95AE5}.Debug|Any CPU.ActiveCfg = Debug|Any CPU
		{DB8F894C-C5A1-4BA4-8210-2642BEF95AE5}.Debug|Any CPU.Build.0 = Debug|Any CPU
		{DB8F894C-C5A1-4BA4-8210-2642BEF95AE5}.Release|Any CPU.ActiveCfg = Release|Any CPU
		{DB8F894C-C5A1-4BA4-8210-2642BEF95AE5}.Release|Any CPU.Build.0 = Release|Any CPU
		{1894658A-D5D9-4AF5-91F1-7EFE0684E80D}.Debug|Any CPU.ActiveCfg = Debug|Any CPU
		{1894658A-D5D9-4AF5-91F1-7EFE0684E80D}.Debug|Any CPU.Build.0 = Debug|Any CPU
		{1894658A-D5D9-4AF5-91F1-7EFE0684E80D}.Release|Any CPU.ActiveCfg = Release|Any CPU
		{1894658A-D5D9-4AF5-91F1-7EFE0684E80D}.Release|Any CPU.Build.0 = Release|Any CPU
		{69C43B72-CB6B-4A2D-B66B-C1EE4BBD5A23}.Debug|Any CPU.ActiveCfg = Debug|Any CPU
		{69C43B72-CB6B-4A2D-B66B-C1EE4BBD5A23}.Debug|Any CPU.Build.0 = Debug|Any CPU
		{69C43B72-CB6B-4A2D-B66B-C1EE4BBD5A23}.Release|Any CPU.ActiveCfg = Release|Any CPU
		{69C43B72-CB6B-4A2D-B66B-C1EE4BBD5A23}.Release|Any CPU.Build.0 = Release|Any CPU
		{72978EAB-42BC-4710-AD01-CCA7D8310153}.Debug|Any CPU.ActiveCfg = Debug|Any CPU
		{72978EAB-42BC-4710-AD01-CCA7D8310153}.Debug|Any CPU.Build.0 = Debug|Any CPU
		{72978EAB-42BC-4710-AD01-CCA7D8310153}.Release|Any CPU.ActiveCfg = Release|Any CPU
		{72978EAB-42BC-4710-AD01-CCA7D8310153}.Release|Any CPU.Build.0 = Release|Any CPU
	EndGlobalSection
	GlobalSection(SolutionProperties) = preSolution
		HideSolutionNode = FALSE
	EndGlobalSection
	GlobalSection(ExtensibilityGlobals) = postSolution
		SolutionGuid = {E18D662A-79F1-4C6A-902D-BDA93E8F7EF1}
	EndGlobalSection
EndGlobal
